
Microsoft Visual Studio Solution File, Format Version 12.00
# Visual Studio Version 17
VisualStudioVersion = 17.14.36518.9 d17.14
MinimumVisualStudioVersion = 10.0.40219.1
Project("{8BC9CEB8-8B4A-11D0-8D11-00A0C91BC942}") = "Bilet", "Bilet\Bilet.vcxproj", "{E0546C5D-819E-4F4E-9C76-DC1D9293AB11}"
EndProject
Global
	GlobalSection(SolutionConfigurationPlatforms) = preSolution
		Debug|x64 = Debug|x64
		Debug|x86 = Debug|x86
		Release|x64 = Release|x64
		Release|x86 = Release|x86
	EndGlobalSection
	GlobalSection(ProjectConfigurationPlatforms) = postSolution
		{E0546C5D-819E-4F4E-9C76-DC1D9293AB11}.Debug|x64.ActiveCfg = Debug|x64
		{E0546C5D-819E-4F4E-9C76-DC1D9293AB11}.Debug|x64.Build.0 = Debug|x64
		{E0546C5D-819E-4F4E-9C76-DC1D9293AB11}.Debug|x86.ActiveCfg = Debug|Win32
		{E0546C5D-819E-4F4E-9C76-DC1D9293AB11}.Debug|x86.Build.0 = Debug|Win32
		{E0546C5D-819E-4F4E-9C76-DC1D9293AB11}.Release|x64.ActiveCfg = Release|x64
		{E0546C5D-819E-4F4E-9C76-DC1D9293AB11}.Release|x64.Build.0 = Release|x64
		{E0546C5D-819E-4F4E-9C76-DC1D9293AB11}.Release|x86.ActiveCfg = Release|Win32
		{E0546C5D-819E-4F4E-9C76-DC1D9293AB11}.Release|x86.Build.0 = Release|Win32
	EndGlobalSection
	GlobalSection(SolutionProperties) = preSolution
		HideSolutionNode = FALSE
	EndGlobalSection
	GlobalSection(ExtensibilityGlobals) = postSolution
		SolutionGuid = {B0C888B3-D5DC-4DBA-B64C-8CA760F59C56}
	EndGlobalSection
EndGlobal
